
Microsoft Visual Studio Solution File, Format Version 12.00
# Visual Studio Version 17
VisualStudioVersion = 17.4.33110.190
MinimumVisualStudioVersion = 10.0.40219.1
Project("{9A19103F-16F7-4668-BE54-9A1E7A4F7556}") = "UsuariosApp.Services", "UsuariosApp.Services\UsuariosApp.Services.csproj", "{D3BCA59E-C380-49DD-B7B9-BDE89D7E8CAA}"
EndProject
Project("{2150E333-8FDC-42A3-9474-1A3956D46DE8}") = "1 - API", "1 - API", "{0A40F001-DDE8-4DAF-BCE0-B6A38CE46D1F}"
EndProject
Project("{2150E333-8FDC-42A3-9474-1A3956D46DE8}") = "2 - DDD", "2 - DDD", "{C630A2F8-5258-4348-84D6-175B703FDD14}"
EndProject
Project("{2150E333-8FDC-42A3-9474-1A3956D46DE8}") = "3 - Tests", "3 - Tests", "{95AA98E0-FD7D-4078-9064-64757D98E3E6}"
EndProject
Project("{2150E333-8FDC-42A3-9474-1A3956D46DE8}") = "Application", "Application", "{FFD5B58B-9398-4993-8993-CE9A42FE4256}"
EndProject
Project("{2150E333-8FDC-42A3-9474-1A3956D46DE8}") = "Domain", "Domain", "{4F1A116C-14FD-4A9B-A842-337E1974AD92}"
EndProject
Project("{2150E333-8FDC-42A3-9474-1A3956D46DE8}") = "Infrastructure", "Infrastructure", "{28966F49-669D-483F-8667-616A29F1C09C}"
EndProject
Project("{9A19103F-16F7-4668-BE54-9A1E7A4F7556}") = "UsuariosApp.Application", "UsuariosApp.Application\UsuariosApp.Application.csproj", "{F4E6CE65-0597-47EF-BC66-9C36C1DD3D28}"
EndProject
Project("{9A19103F-16F7-4668-BE54-9A1E7A4F7556}") = "UsuariosApp.Domain", "UsuariosApp.Domain\UsuariosApp.Domain.csproj", "{20788C38-E75A-4D9F-B86E-3B19B3458267}"
EndProject
Project("{9A19103F-16F7-4668-BE54-9A1E7A4F7556}") = "UsuariosApp.Infra.Data", "UsuariosApp.Infra.Data\UsuariosApp.Infra.Data.csproj", "{1D00E7EE-FA6D-4D9F-BD2E-26BA54601D02}"
EndProject
Project("{9A19103F-16F7-4668-BE54-9A1E7A4F7556}") = "UsuariosApp.Infra.Security", "UsuariosApp.Infra.Security\UsuariosApp.Infra.Security.csproj", "{D5E708CB-5511-4C94-8C42-99ED7CAFED8E}"
EndProject
Project("{9A19103F-16F7-4668-BE54-9A1E7A4F7556}") = "UsuariosApp.Tests", "UsuariosApp.Tests\UsuariosApp.Tests.csproj", "{37B543F5-9D8E-4262-B2A2-1A8C38EC9A6B}"
EndProject
Project("{FAE04EC0-301F-11D3-BF4B-00C04F79EFBC}") = "UsuariosApp.Infra.Messages", "UsuariosApp.Infra.Messages\UsuariosApp.Infra.Messages.csproj", "{D9243C58-1F14-45CE-BC7D-0CB625284CDE}"
EndProject
Global
	GlobalSection(SolutionConfigurationPlatforms) = preSolution
		Debug|Any CPU = Debug|Any CPU
		Release|Any CPU = Release|Any CPU
	EndGlobalSection
	GlobalSection(ProjectConfigurationPlatforms) = postSolution
		{D3BCA59E-C380-49DD-B7B9-BDE89D7E8CAA}.Debug|Any CPU.ActiveCfg = Debug|Any CPU
		{D3BCA59E-C380-49DD-B7B9-BDE89D7E8CAA}.Debug|Any CPU.Build.0 = Debug|Any CPU
		{D3BCA59E-C380-49DD-B7B9-BDE89D7E8CAA}.Release|Any CPU.ActiveCfg = Release|Any CPU
		{D3BCA59E-C380-49DD-B7B9-BDE89D7E8CAA}.Release|Any CPU.Build.0 = Release|Any CPU
		{F4E6CE65-0597-47EF-BC66-9C36C1DD3D28}.Debug|Any CPU.ActiveCfg = Debug|Any CPU
		{F4E6CE65-0597-47EF-BC66-9C36C1DD3D28}.Debug|Any CPU.Build.0 = Debug|Any CPU
		{F4E6CE65-0597-47EF-BC66-9C36C1DD3D28}.Release|Any CPU.ActiveCfg = Release|Any CPU
		{F4E6CE65-0597-47EF-BC66-9C36C1DD3D28}.Release|Any CPU.Build.0 = Release|Any CPU
		{20788C38-E75A-4D9F-B86E-3B19B3458267}.Debug|Any CPU.ActiveCfg = Debug|Any CPU
		{20788C38-E75A-4D9F-B86E-3B19B3458267}.Debug|Any CPU.Build.0 = Debug|Any CPU
		{20788C38-E75A-4D9F-B86E-3B19B3458267}.Release|Any CPU.ActiveCfg = Release|Any CPU
		{20788C38-E75A-4D9F-B86E-3B19B3458267}.Release|Any CPU.Build.0 = Release|Any CPU
		{1D00E7EE-FA6D-4D9F-BD2E-26BA54601D02}.Debug|Any CPU.ActiveCfg = Debug|Any CPU
		{1D00E7EE-FA6D-4D9F-BD2E-26BA54601D02}.Debug|Any CPU.Build.0 = Debug|Any CPU
		{1D00E7EE-FA6D-4D9F-BD2E-26BA54601D02}.Release|Any CPU.ActiveCfg = Release|Any CPU
		{1D00E7EE-FA6D-4D9F-BD2E-26BA54601D02}.Release|Any CPU.Build.0 = Release|Any CPU
		{D5E708CB-5511-4C94-8C42-99ED7CAFED8E}.Debug|Any CPU.ActiveCfg = Debug|Any CPU
		{D5E708CB-5511-4C94-8C42-99ED7CAFED8E}.Debug|Any CPU.Build.0 = Debug|Any CPU
		{D5E708CB-5511-4C94-8C42-99ED7CAFED8E}.Release|Any CPU.ActiveCfg = Release|Any CPU
		{D5E708CB-5511-4C94-8C42-99ED7CAFED8E}.Release|Any CPU.Build.0 = Release|Any CPU
		{37B543F5-9D8E-4262-B2A2-1A8C38EC9A6B}.Debug|Any CPU.ActiveCfg = Debug|Any CPU
		{37B543F5-9D8E-4262-B2A2-1A8C38EC9A6B}.Debug|Any CPU.Build.0 = Debug|Any CPU
		{37B543F5-9D8E-4262-B2A2-1A8C38EC9A6B}.Release|Any CPU.ActiveCfg = Release|Any CPU
		{37B543F5-9D8E-4262-B2A2-1A8C38EC9A6B}.Release|Any CPU.Build.0 = Release|Any CPU
		{D9243C58-1F14-45CE-BC7D-0CB625284CDE}.Debug|Any CPU.ActiveCfg = Debug|Any CPU
		{D9243C58-1F14-45CE-BC7D-0CB625284CDE}.Debug|Any CPU.Build.0 = Debug|Any CPU
		{D9243C58-1F14-45CE-BC7D-0CB625284CDE}.Release|Any CPU.ActiveCfg = Release|Any CPU
		{D9243C58-1F14-45CE-BC7D-0CB625284CDE}.Release|Any CPU.Build.0 = Release|Any CPU
	EndGlobalSection
	GlobalSection(SolutionProperties) = preSolution
		HideSolutionNode = FALSE
	EndGlobalSection
	GlobalSection(NestedProjects) = preSolution
		{D3BCA59E-C380-49DD-B7B9-BDE89D7E8CAA} = {0A40F001-DDE8-4DAF-BCE0-B6A38CE46D1F}
		{FFD5B58B-9398-4993-8993-CE9A42FE4256} = {C630A2F8-5258-4348-84D6-175B703FDD14}
		{4F1A116C-14FD-4A9B-A842-337E1974AD92} = {C630A2F8-5258-4348-84D6-175B703FDD14}
		{28966F49-669D-483F-8667-616A29F1C09C} = {C630A2F8-5258-4348-84D6-175B703FDD14}
		{F4E6CE65-0597-47EF-BC66-9C36C1DD3D28} = {FFD5B58B-9398-4993-8993-CE9A42FE4256}
		{20788C38-E75A-4D9F-B86E-3B19B3458267} = {4F1A116C-14FD-4A9B-A842-337E1974AD92}
		{1D00E7EE-FA6D-4D9F-BD2E-26BA54601D02} = {28966F49-669D-483F-8667-616A29F1C09C}
		{D5E708CB-5511-4C94-8C42-99ED7CAFED8E} = {28966F49-669D-483F-8667-616A29F1C09C}
		{37B543F5-9D8E-4262-B2A2-1A8C38EC9A6B} = {95AA98E0-FD7D-4078-9064-64757D98E3E6}
		{D9243C58-1F14-45CE-BC7D-0CB625284CDE} = {28966F49-669D-483F-8667-616A29F1C09C}
	EndGlobalSection
	GlobalSection(ExtensibilityGlobals) = postSolution
		SolutionGuid = {18023A99-E9F4-4D21-82B4-F48055353921}
	EndGlobalSection
EndGlobal
